{
  "pins" : [
    {
      "identity" : "swiftlintplugin",
      "kind" : "remoteSourceControl",
      "location" : "https://github.com/tiagopoleze/SwiftlintPlugin",
      "state" : {
        "branch" : "main",
        "revision" : "c28b324179517b4a7d23ffa85cfbd1e94b485577"
      }
    }
  ],
  "version" : 2
}
